
Microsoft Visual Studio Solution File, Format Version 12.00
# Visual Studio Version 17
VisualStudioVersion = 17.10.35013.160
MinimumVisualStudioVersion = 10.0.40219.1
Project("{FAE04EC0-301F-11D3-BF4B-00C04F79EFBC}") = "EmailNotificationService", "EmailNotificationService\EmailNotificationService.csproj", "{CFC47452-6C30-4C4F-BB98-D8C39FC815EE}"
EndProject
Project("{FAE04EC0-301F-11D3-BF4B-00C04F79EFBC}") = "EmailNotificationService.Tests", "EmailNotificationService.Tests\EmailNotificationService.Tests.csproj", "{65C32B26-3EBE-4D6C-BEE8-257306854616}"
EndProject
Global
	GlobalSection(SolutionConfigurationPlatforms) = preSolution
		Debug|Any CPU = Debug|Any CPU
		Release|Any CPU = Release|Any CPU
	EndGlobalSection
	GlobalSection(ProjectConfigurationPlatforms) = postSolution
		{CFC47452-6C30-4C4F-BB98-D8C39FC815EE}.Debug|Any CPU.ActiveCfg = Debug|Any CPU
		{CFC47452-6C30-4C4F-BB98-D8C39FC815EE}.Debug|Any CPU.Build.0 = Debug|Any CPU
		{CFC47452-6C30-4C4F-BB98-D8C39FC815EE}.Release|Any CPU.ActiveCfg = Release|Any CPU
		{CFC47452-6C30-4C4F-BB98-D8C39FC815EE}.Release|Any CPU.Build.0 = Release|Any CPU
		{65C32B26-3EBE-4D6C-BEE8-257306854616}.Debug|Any CPU.ActiveCfg = Debug|Any CPU
		{65C32B26-3EBE-4D6C-BEE8-257306854616}.Debug|Any CPU.Build.0 = Debug|Any CPU
		{65C32B26-3EBE-4D6C-BEE8-257306854616}.Release|Any CPU.ActiveCfg = Release|Any CPU
		{65C32B26-3EBE-4D6C-BEE8-257306854616}.Release|Any CPU.Build.0 = Release|Any CPU
	EndGlobalSection
	GlobalSection(SolutionProperties) = preSolution
		HideSolutionNode = FALSE
	EndGlobalSection
	GlobalSection(ExtensibilityGlobals) = postSolution
		SolutionGuid = {9A764E1F-39A4-4A6D-A6BA-6322AC237271}
	EndGlobalSection
EndGlobal
